
Microsoft Visual Studio Solution File, Format Version 12.00
# Visual Studio 2012
Project("{FAE04EC0-301F-11D3-BF4B-00C04F79EFBC}") = "1.DifferentMatrixes", "DifferentMatrixes\1.DifferentMatrixes.csproj", "{BC5643EA-E596-4CEF-8314-C772A8AB391F}"
EndProject
Project("{FAE04EC0-301F-11D3-BF4B-00C04F79EFBC}") = "2.MaxSubmatrix3x3", "MaxSubmatrix3x3\2.MaxSubmatrix3x3.csproj", "{01861B9C-F8BE-4762-8E50-7CF6DEDF834F}"
EndProject
Project("{FAE04EC0-301F-11D3-BF4B-00C04F79EFBC}") = "3.SequenceInMatrix", "SequenceInMatrix\3.SequenceInMatrix.csproj", "{33D1F0BB-84E2-4CE6-9751-2110682309D5}"
EndProject
Project("{FAE04EC0-301F-11D3-BF4B-00C04F79EFBC}") = "4.ArrayBinSearch", "ArrayBinSearch\4.ArrayBinSearch.csproj", "{16E6E2D4-84C2-4A31-8F96-74418C7C09D2}"
EndProject
Project("{FAE04EC0-301F-11D3-BF4B-00C04F79EFBC}") = "5.SortByStringLength", "SortByStringLength\5.SortByStringLength.csproj", "{1F1AAB7D-21C6-48CE-80B8-A8801226BDD5}"
EndProject
Global
	GlobalSection(SolutionConfigurationPlatforms) = preSolution
		Debug|Any CPU = Debug|Any CPU
		Release|Any CPU = Release|Any CPU
	EndGlobalSection
	GlobalSection(ProjectConfigurationPlatforms) = postSolution
		{BC5643EA-E596-4CEF-8314-C772A8AB391F}.Debug|Any CPU.ActiveCfg = Debug|Any CPU
		{BC5643EA-E596-4CEF-8314-C772A8AB391F}.Debug|Any CPU.Build.0 = Debug|Any CPU
		{BC5643EA-E596-4CEF-8314-C772A8AB391F}.Release|Any CPU.ActiveCfg = Release|Any CPU
		{BC5643EA-E596-4CEF-8314-C772A8AB391F}.Release|Any CPU.Build.0 = Release|Any CPU
		{01861B9C-F8BE-4762-8E50-7CF6DEDF834F}.Debug|Any CPU.ActiveCfg = Debug|Any CPU
		{01861B9C-F8BE-4762-8E50-7CF6DEDF834F}.Debug|Any CPU.Build.0 = Debug|Any CPU
		{01861B9C-F8BE-4762-8E50-7CF6DEDF834F}.Release|Any CPU.ActiveCfg = Release|Any CPU
		{01861B9C-F8BE-4762-8E50-7CF6DEDF834F}.Release|Any CPU.Build.0 = Release|Any CPU
		{33D1F0BB-84E2-4CE6-9751-2110682309D5}.Debug|Any CPU.ActiveCfg = Debug|Any CPU
		{33D1F0BB-84E2-4CE6-9751-2110682309D5}.Debug|Any CPU.Build.0 = Debug|Any CPU
		{33D1F0BB-84E2-4CE6-9751-2110682309D5}.Release|Any CPU.ActiveCfg = Release|Any CPU
		{33D1F0BB-84E2-4CE6-9751-2110682309D5}.Release|Any CPU.Build.0 = Release|Any CPU
		{16E6E2D4-84C2-4A31-8F96-74418C7C09D2}.Debug|Any CPU.ActiveCfg = Debug|Any CPU
		{16E6E2D4-84C2-4A31-8F96-74418C7C09D2}.Debug|Any CPU.Build.0 = Debug|Any CPU
		{16E6E2D4-84C2-4A31-8F96-74418C7C09D2}.Release|Any CPU.ActiveCfg = Release|Any CPU
		{16E6E2D4-84C2-4A31-8F96-74418C7C09D2}.Release|Any CPU.Build.0 = Release|Any CPU
		{1F1AAB7D-21C6-48CE-80B8-A8801226BDD5}.Debug|Any CPU.ActiveCfg = Debug|Any CPU
		{1F1AAB7D-21C6-48CE-80B8-A8801226BDD5}.Debug|Any CPU.Build.0 = Debug|Any CPU
		{1F1AAB7D-21C6-48CE-80B8-A8801226BDD5}.Release|Any CPU.ActiveCfg = Release|Any CPU
		{1F1AAB7D-21C6-48CE-80B8-A8801226BDD5}.Release|Any CPU.Build.0 = Release|Any CPU
	EndGlobalSection
	GlobalSection(SolutionProperties) = preSolution
		HideSolutionNode = FALSE
	EndGlobalSection
EndGlobal
