
Microsoft Visual Studio Solution File, Format Version 12.00
# Visual Studio 2012
Project("{FAE04EC0-301F-11D3-BF4B-00C04F79EFBC}") = "log4netDemo", "log4netDemo\log4netDemo.csproj", "{D27FC26B-E26D-45A2-B92D-BA077D86901A}"
EndProject
Project("{FAE04EC0-301F-11D3-BF4B-00C04F79EFBC}") = "T4Template", "T4Template\T4Template.csproj", "{BA440E22-1EEC-4BB5-AD28-808C28261AA8}"
EndProject
Global
	GlobalSection(SolutionConfigurationPlatforms) = preSolution
		Debug|Any CPU = Debug|Any CPU
		Release|Any CPU = Release|Any CPU
	EndGlobalSection
	GlobalSection(ProjectConfigurationPlatforms) = postSolution
		{D27FC26B-E26D-45A2-B92D-BA077D86901A}.Debug|Any CPU.ActiveCfg = Debug|Any CPU
		{D27FC26B-E26D-45A2-B92D-BA077D86901A}.Debug|Any CPU.Build.0 = Debug|Any CPU
		{D27FC26B-E26D-45A2-B92D-BA077D86901A}.Release|Any CPU.ActiveCfg = Release|Any CPU
		{D27FC26B-E26D-45A2-B92D-BA077D86901A}.Release|Any CPU.Build.0 = Release|Any CPU
		{BA440E22-1EEC-4BB5-AD28-808C28261AA8}.Debug|Any CPU.ActiveCfg = Debug|Any CPU
		{BA440E22-1EEC-4BB5-AD28-808C28261AA8}.Debug|Any CPU.Build.0 = Debug|Any CPU
		{BA440E22-1EEC-4BB5-AD28-808C28261AA8}.Release|Any CPU.ActiveCfg = Release|Any CPU
		{BA440E22-1EEC-4BB5-AD28-808C28261AA8}.Release|Any CPU.Build.0 = Release|Any CPU
	EndGlobalSection
	GlobalSection(SolutionProperties) = preSolution
		HideSolutionNode = FALSE
	EndGlobalSection
EndGlobal
