
Microsoft Visual Studio Solution File, Format Version 12.00
# Visual Studio 2013
VisualStudioVersion = 12.0.20827.3
MinimumVisualStudioVersion = 10.0.40219.1
Project("{FAE04EC0-301F-11D3-BF4B-00C04F79EFBC}") = "LaptopSystem.Models", "LaptopSystem.Models\LaptopSystem.Models.csproj", "{77F44AD3-A8DE-4A8B-B31C-D48E474A4A6E}"
EndProject
Project("{FAE04EC0-301F-11D3-BF4B-00C04F79EFBC}") = "LaptopSystem.Data", "LaptopSystem.Data\LaptopSystem.Data.csproj", "{75C3D4CF-BDA4-440D-8FB2-9B4B967826FF}"
EndProject
Project("{FAE04EC0-301F-11D3-BF4B-00C04F79EFBC}") = "LaptopSystem.Web", "LaptopSystem.Web\LaptopSystem.Web.csproj", "{81731B69-F8CE-4686-B248-413FADCFFE7A}"
EndProject
Global
	GlobalSection(TeamFoundationVersionControl) = preSolution
		SccNumberOfProjects = 4
		SccEnterpriseProvider = {4CA58AB2-18FA-4F8D-95D4-32DDF27D184C}
		SccTeamFoundationServer = https://dbrizov.visualstudio.com/defaultcollection
		SccLocalPath0 = .
		SccProjectUniqueName1 = LaptopSystem.Models\\LaptopSystem.Models.csproj
		SccProjectName1 = LaptopSystem.Models
		SccLocalPath1 = LaptopSystem.Models
		SccProjectUniqueName2 = LaptopSystem.Data\\LaptopSystem.Data.csproj
		SccProjectName2 = LaptopSystem.Data
		SccLocalPath2 = LaptopSystem.Data
		SccProjectUniqueName3 = LaptopSystem.Web\\LaptopSystem.Web.csproj
		SccProjectName3 = LaptopSystem.Web
		SccLocalPath3 = LaptopSystem.Web
	EndGlobalSection
	GlobalSection(SolutionConfigurationPlatforms) = preSolution
		Debug|Any CPU = Debug|Any CPU
		Release|Any CPU = Release|Any CPU
	EndGlobalSection
	GlobalSection(ProjectConfigurationPlatforms) = postSolution
		{77F44AD3-A8DE-4A8B-B31C-D48E474A4A6E}.Debug|Any CPU.ActiveCfg = Debug|Any CPU
		{77F44AD3-A8DE-4A8B-B31C-D48E474A4A6E}.Debug|Any CPU.Build.0 = Debug|Any CPU
		{77F44AD3-A8DE-4A8B-B31C-D48E474A4A6E}.Release|Any CPU.ActiveCfg = Release|Any CPU
		{77F44AD3-A8DE-4A8B-B31C-D48E474A4A6E}.Release|Any CPU.Build.0 = Release|Any CPU
		{75C3D4CF-BDA4-440D-8FB2-9B4B967826FF}.Debug|Any CPU.ActiveCfg = Debug|Any CPU
		{75C3D4CF-BDA4-440D-8FB2-9B4B967826FF}.Debug|Any CPU.Build.0 = Debug|Any CPU
		{75C3D4CF-BDA4-440D-8FB2-9B4B967826FF}.Release|Any CPU.ActiveCfg = Release|Any CPU
		{75C3D4CF-BDA4-440D-8FB2-9B4B967826FF}.Release|Any CPU.Build.0 = Release|Any CPU
		{81731B69-F8CE-4686-B248-413FADCFFE7A}.Debug|Any CPU.ActiveCfg = Debug|Any CPU
		{81731B69-F8CE-4686-B248-413FADCFFE7A}.Debug|Any CPU.Build.0 = Debug|Any CPU
		{81731B69-F8CE-4686-B248-413FADCFFE7A}.Release|Any CPU.ActiveCfg = Release|Any CPU
		{81731B69-F8CE-4686-B248-413FADCFFE7A}.Release|Any CPU.Build.0 = Release|Any CPU
	EndGlobalSection
	GlobalSection(SolutionProperties) = preSolution
		HideSolutionNode = FALSE
	EndGlobalSection
EndGlobal
