
Microsoft Visual Studio Solution File, Format Version 12.00
# Visual Studio 2012
Project("{FAE04EC0-301F-11D3-BF4B-00C04F79EFBC}") = "MatrixWalk", "MatrixWalk\MatrixWalk.csproj", "{D6454D1A-D647-4F34-BF32-1A3B2BD5DFB3}"
EndProject
Project("{FAE04EC0-301F-11D3-BF4B-00C04F79EFBC}") = "MatrixWalk.Tests", "MatrixWalk.Tests\MatrixWalk.Tests.csproj", "{762F7E52-D279-4AC9-A7D2-64C1B6645911}"
EndProject
Global
	GlobalSection(SolutionConfigurationPlatforms) = preSolution
		Debug|Any CPU = Debug|Any CPU
		Release|Any CPU = Release|Any CPU
	EndGlobalSection
	GlobalSection(ProjectConfigurationPlatforms) = postSolution
		{D6454D1A-D647-4F34-BF32-1A3B2BD5DFB3}.Debug|Any CPU.ActiveCfg = Debug|Any CPU
		{D6454D1A-D647-4F34-BF32-1A3B2BD5DFB3}.Debug|Any CPU.Build.0 = Debug|Any CPU
		{D6454D1A-D647-4F34-BF32-1A3B2BD5DFB3}.Release|Any CPU.ActiveCfg = Release|Any CPU
		{D6454D1A-D647-4F34-BF32-1A3B2BD5DFB3}.Release|Any CPU.Build.0 = Release|Any CPU
		{762F7E52-D279-4AC9-A7D2-64C1B6645911}.Debug|Any CPU.ActiveCfg = Debug|Any CPU
		{762F7E52-D279-4AC9-A7D2-64C1B6645911}.Debug|Any CPU.Build.0 = Debug|Any CPU
		{762F7E52-D279-4AC9-A7D2-64C1B6645911}.Release|Any CPU.ActiveCfg = Release|Any CPU
		{762F7E52-D279-4AC9-A7D2-64C1B6645911}.Release|Any CPU.Build.0 = Release|Any CPU
	EndGlobalSection
	GlobalSection(SolutionProperties) = preSolution
		HideSolutionNode = FALSE
	EndGlobalSection
EndGlobal
