
Microsoft Visual Studio Solution File, Format Version 12.00
# Visual Studio 2012
Project("{FAE04EC0-301F-11D3-BF4B-00C04F79EFBC}") = "01. RefactorChef", "RefactorChef\01. RefactorChef.csproj", "{BD0A10D8-ADE0-4561-AF8F-D30259F21D56}"
EndProject
Project("{FAE04EC0-301F-11D3-BF4B-00C04F79EFBC}") = "02. RefactoredIfStatements", "RefactoredIfStatements\02. RefactoredIfStatements.csproj", "{F3A3EC4B-669F-42FD-BEBD-9CBD1C633831}"
EndProject
Project("{FAE04EC0-301F-11D3-BF4B-00C04F79EFBC}") = "03. RefactoredLoop", "RefactoredLoop\03. RefactoredLoop.csproj", "{FDD94024-45AA-4A74-A171-71727F24AFC0}"
EndProject
Global
	GlobalSection(SolutionConfigurationPlatforms) = preSolution
		Debug|Any CPU = Debug|Any CPU
		Release|Any CPU = Release|Any CPU
	EndGlobalSection
	GlobalSection(ProjectConfigurationPlatforms) = postSolution
		{BD0A10D8-ADE0-4561-AF8F-D30259F21D56}.Debug|Any CPU.ActiveCfg = Debug|Any CPU
		{BD0A10D8-ADE0-4561-AF8F-D30259F21D56}.Debug|Any CPU.Build.0 = Debug|Any CPU
		{BD0A10D8-ADE0-4561-AF8F-D30259F21D56}.Release|Any CPU.ActiveCfg = Release|Any CPU
		{BD0A10D8-ADE0-4561-AF8F-D30259F21D56}.Release|Any CPU.Build.0 = Release|Any CPU
		{F3A3EC4B-669F-42FD-BEBD-9CBD1C633831}.Debug|Any CPU.ActiveCfg = Debug|Any CPU
		{F3A3EC4B-669F-42FD-BEBD-9CBD1C633831}.Debug|Any CPU.Build.0 = Debug|Any CPU
		{F3A3EC4B-669F-42FD-BEBD-9CBD1C633831}.Release|Any CPU.ActiveCfg = Release|Any CPU
		{F3A3EC4B-669F-42FD-BEBD-9CBD1C633831}.Release|Any CPU.Build.0 = Release|Any CPU
		{FDD94024-45AA-4A74-A171-71727F24AFC0}.Debug|Any CPU.ActiveCfg = Debug|Any CPU
		{FDD94024-45AA-4A74-A171-71727F24AFC0}.Debug|Any CPU.Build.0 = Debug|Any CPU
		{FDD94024-45AA-4A74-A171-71727F24AFC0}.Release|Any CPU.ActiveCfg = Release|Any CPU
		{FDD94024-45AA-4A74-A171-71727F24AFC0}.Release|Any CPU.Build.0 = Release|Any CPU
	EndGlobalSection
	GlobalSection(SolutionProperties) = preSolution
		HideSolutionNode = FALSE
	EndGlobalSection
EndGlobal
