
Microsoft Visual Studio Solution File, Format Version 12.00
# Visual Studio 2013
VisualStudioVersion = 12.0.20623.1 VSUPREVIEW
MinimumVisualStudioVersion = 10.0.40219.1
Project("{FAE04EC0-301F-11D3-BF4B-00C04F79EFBC}") = "01. HelloName", "HelloName\01. HelloName.csproj", "{7264727E-D543-4BC9-9CDB-752BA871A61C}"
EndProject
Project("{FAE04EC0-301F-11D3-BF4B-00C04F79EFBC}") = "02. AssemblyLocation", "AssemblyLocation\02. AssemblyLocation.csproj", "{B9850AA4-AC58-412E-8AE6-3D94362A8D72}"
EndProject
Project("{FAE04EC0-301F-11D3-BF4B-00C04F79EFBC}") = "03. LifeCycle", "LifeCycle\03. LifeCycle.csproj", "{C0013E1C-C85C-40A9-9DFB-5A76AF905C30}"
EndProject
Global
	GlobalSection(SolutionConfigurationPlatforms) = preSolution
		Debug|Any CPU = Debug|Any CPU
		Release|Any CPU = Release|Any CPU
	EndGlobalSection
	GlobalSection(ProjectConfigurationPlatforms) = postSolution
		{7264727E-D543-4BC9-9CDB-752BA871A61C}.Debug|Any CPU.ActiveCfg = Debug|Any CPU
		{7264727E-D543-4BC9-9CDB-752BA871A61C}.Debug|Any CPU.Build.0 = Debug|Any CPU
		{7264727E-D543-4BC9-9CDB-752BA871A61C}.Release|Any CPU.ActiveCfg = Release|Any CPU
		{7264727E-D543-4BC9-9CDB-752BA871A61C}.Release|Any CPU.Build.0 = Release|Any CPU
		{B9850AA4-AC58-412E-8AE6-3D94362A8D72}.Debug|Any CPU.ActiveCfg = Debug|Any CPU
		{B9850AA4-AC58-412E-8AE6-3D94362A8D72}.Debug|Any CPU.Build.0 = Debug|Any CPU
		{B9850AA4-AC58-412E-8AE6-3D94362A8D72}.Release|Any CPU.ActiveCfg = Release|Any CPU
		{B9850AA4-AC58-412E-8AE6-3D94362A8D72}.Release|Any CPU.Build.0 = Release|Any CPU
		{C0013E1C-C85C-40A9-9DFB-5A76AF905C30}.Debug|Any CPU.ActiveCfg = Debug|Any CPU
		{C0013E1C-C85C-40A9-9DFB-5A76AF905C30}.Debug|Any CPU.Build.0 = Debug|Any CPU
		{C0013E1C-C85C-40A9-9DFB-5A76AF905C30}.Release|Any CPU.ActiveCfg = Release|Any CPU
		{C0013E1C-C85C-40A9-9DFB-5A76AF905C30}.Release|Any CPU.Build.0 = Release|Any CPU
	EndGlobalSection
	GlobalSection(SolutionProperties) = preSolution
		HideSolutionNode = FALSE
	EndGlobalSection
EndGlobal
