
Microsoft Visual Studio Solution File, Format Version 12.00
# Visual Studio 2012
Project("{FAE04EC0-301F-11D3-BF4B-00C04F79EFBC}") = "01. KnapsackProblem", "KnapsackProblem\01. KnapsackProblem.csproj", "{53D579A1-D220-41CA-9B23-F9FE98C4AA4C}"
EndProject
Project("{FAE04EC0-301F-11D3-BF4B-00C04F79EFBC}") = "02. MinimumEditDistance", "MinimumEditDistance\02. MinimumEditDistance.csproj", "{4537A3D1-3B98-41CD-BFA0-DE979A228E5B}"
EndProject
Global
	GlobalSection(SolutionConfigurationPlatforms) = preSolution
		Debug|Any CPU = Debug|Any CPU
		Release|Any CPU = Release|Any CPU
	EndGlobalSection
	GlobalSection(ProjectConfigurationPlatforms) = postSolution
		{53D579A1-D220-41CA-9B23-F9FE98C4AA4C}.Debug|Any CPU.ActiveCfg = Debug|Any CPU
		{53D579A1-D220-41CA-9B23-F9FE98C4AA4C}.Debug|Any CPU.Build.0 = Debug|Any CPU
		{53D579A1-D220-41CA-9B23-F9FE98C4AA4C}.Release|Any CPU.ActiveCfg = Release|Any CPU
		{53D579A1-D220-41CA-9B23-F9FE98C4AA4C}.Release|Any CPU.Build.0 = Release|Any CPU
		{4537A3D1-3B98-41CD-BFA0-DE979A228E5B}.Debug|Any CPU.ActiveCfg = Debug|Any CPU
		{4537A3D1-3B98-41CD-BFA0-DE979A228E5B}.Debug|Any CPU.Build.0 = Debug|Any CPU
		{4537A3D1-3B98-41CD-BFA0-DE979A228E5B}.Release|Any CPU.ActiveCfg = Release|Any CPU
		{4537A3D1-3B98-41CD-BFA0-DE979A228E5B}.Release|Any CPU.Build.0 = Release|Any CPU
	EndGlobalSection
	GlobalSection(SolutionProperties) = preSolution
		HideSolutionNode = FALSE
	EndGlobalSection
EndGlobal
