
Microsoft Visual Studio Solution File, Format Version 12.00
# Visual Studio 2012
Project("{FAE04EC0-301F-11D3-BF4B-00C04F79EFBC}") = "Poker", "Poker\Poker.csproj", "{8669DF70-2F0C-4BEA-930B-B116EAEDD213}"
EndProject
Project("{FAE04EC0-301F-11D3-BF4B-00C04F79EFBC}") = "Poker.Tests", "Poker.Tests\Poker.Tests.csproj", "{DA0E343E-72B5-4E1F-9405-9AB3CF1752A3}"
EndProject
Global
	GlobalSection(SolutionConfigurationPlatforms) = preSolution
		Debug|Any CPU = Debug|Any CPU
		Release|Any CPU = Release|Any CPU
	EndGlobalSection
	GlobalSection(ProjectConfigurationPlatforms) = postSolution
		{8669DF70-2F0C-4BEA-930B-B116EAEDD213}.Debug|Any CPU.ActiveCfg = Debug|Any CPU
		{8669DF70-2F0C-4BEA-930B-B116EAEDD213}.Debug|Any CPU.Build.0 = Debug|Any CPU
		{8669DF70-2F0C-4BEA-930B-B116EAEDD213}.Release|Any CPU.ActiveCfg = Release|Any CPU
		{8669DF70-2F0C-4BEA-930B-B116EAEDD213}.Release|Any CPU.Build.0 = Release|Any CPU
		{DA0E343E-72B5-4E1F-9405-9AB3CF1752A3}.Debug|Any CPU.ActiveCfg = Debug|Any CPU
		{DA0E343E-72B5-4E1F-9405-9AB3CF1752A3}.Debug|Any CPU.Build.0 = Debug|Any CPU
		{DA0E343E-72B5-4E1F-9405-9AB3CF1752A3}.Release|Any CPU.ActiveCfg = Release|Any CPU
		{DA0E343E-72B5-4E1F-9405-9AB3CF1752A3}.Release|Any CPU.Build.0 = Release|Any CPU
	EndGlobalSection
	GlobalSection(SolutionProperties) = preSolution
		HideSolutionNode = FALSE
	EndGlobalSection
EndGlobal
