
Microsoft Visual Studio Solution File, Format Version 12.00
# Visual Studio 2012
Project("{FAE04EC0-301F-11D3-BF4B-00C04F79EFBC}") = "RunnersHomeTM", "RunnersHomeTM\RunnersHomeTM.csproj", "{56650EED-61CA-4637-B89C-AFFDE44E2D0F}"
EndProject
Project("{FAE04EC0-301F-11D3-BF4B-00C04F79EFBC}") = "NestedLists", "NestedLists\NestedLists.csproj", "{DE6968CD-543E-4C72-A0F4-A92395421F30}"
EndProject
Project("{FAE04EC0-301F-11D3-BF4B-00C04F79EFBC}") = "UserProfile", "UserProfile\UserProfile.csproj", "{1839DE05-364D-4E22-B341-459EC98BBFA4}"
EndProject
Global
	GlobalSection(SolutionConfigurationPlatforms) = preSolution
		Debug|Any CPU = Debug|Any CPU
		Release|Any CPU = Release|Any CPU
	EndGlobalSection
	GlobalSection(ProjectConfigurationPlatforms) = postSolution
		{56650EED-61CA-4637-B89C-AFFDE44E2D0F}.Debug|Any CPU.ActiveCfg = Debug|Any CPU
		{56650EED-61CA-4637-B89C-AFFDE44E2D0F}.Debug|Any CPU.Build.0 = Debug|Any CPU
		{56650EED-61CA-4637-B89C-AFFDE44E2D0F}.Release|Any CPU.ActiveCfg = Release|Any CPU
		{56650EED-61CA-4637-B89C-AFFDE44E2D0F}.Release|Any CPU.Build.0 = Release|Any CPU
		{DE6968CD-543E-4C72-A0F4-A92395421F30}.Debug|Any CPU.ActiveCfg = Debug|Any CPU
		{DE6968CD-543E-4C72-A0F4-A92395421F30}.Debug|Any CPU.Build.0 = Debug|Any CPU
		{DE6968CD-543E-4C72-A0F4-A92395421F30}.Release|Any CPU.ActiveCfg = Release|Any CPU
		{DE6968CD-543E-4C72-A0F4-A92395421F30}.Release|Any CPU.Build.0 = Release|Any CPU
		{1839DE05-364D-4E22-B341-459EC98BBFA4}.Debug|Any CPU.ActiveCfg = Debug|Any CPU
		{1839DE05-364D-4E22-B341-459EC98BBFA4}.Debug|Any CPU.Build.0 = Debug|Any CPU
		{1839DE05-364D-4E22-B341-459EC98BBFA4}.Release|Any CPU.ActiveCfg = Release|Any CPU
		{1839DE05-364D-4E22-B341-459EC98BBFA4}.Release|Any CPU.Build.0 = Release|Any CPU
	EndGlobalSection
	GlobalSection(SolutionProperties) = preSolution
		HideSolutionNode = FALSE
	EndGlobalSection
EndGlobal
