
Microsoft Visual Studio Solution File, Format Version 12.00
# Visual Studio 2012
Project("{FAE04EC0-301F-11D3-BF4B-00C04F79EFBC}") = "01. Coins", "Coins\01. Coins.csproj", "{601F9F5F-4CA8-44BB-94FE-8B6EA7669A58}"
EndProject
Project("{FAE04EC0-301F-11D3-BF4B-00C04F79EFBC}") = "02. PointInTriangle", "PointInTriangle\02. PointInTriangle.csproj", "{7F855112-807B-4ACA-BB1B-3ECD918F438A}"
EndProject
Global
	GlobalSection(SolutionConfigurationPlatforms) = preSolution
		Debug|Any CPU = Debug|Any CPU
		Release|Any CPU = Release|Any CPU
	EndGlobalSection
	GlobalSection(ProjectConfigurationPlatforms) = postSolution
		{601F9F5F-4CA8-44BB-94FE-8B6EA7669A58}.Debug|Any CPU.ActiveCfg = Debug|Any CPU
		{601F9F5F-4CA8-44BB-94FE-8B6EA7669A58}.Debug|Any CPU.Build.0 = Debug|Any CPU
		{601F9F5F-4CA8-44BB-94FE-8B6EA7669A58}.Release|Any CPU.ActiveCfg = Release|Any CPU
		{601F9F5F-4CA8-44BB-94FE-8B6EA7669A58}.Release|Any CPU.Build.0 = Release|Any CPU
		{7F855112-807B-4ACA-BB1B-3ECD918F438A}.Debug|Any CPU.ActiveCfg = Debug|Any CPU
		{7F855112-807B-4ACA-BB1B-3ECD918F438A}.Debug|Any CPU.Build.0 = Debug|Any CPU
		{7F855112-807B-4ACA-BB1B-3ECD918F438A}.Release|Any CPU.ActiveCfg = Release|Any CPU
		{7F855112-807B-4ACA-BB1B-3ECD918F438A}.Release|Any CPU.Build.0 = Release|Any CPU
	EndGlobalSection
	GlobalSection(SolutionProperties) = preSolution
		HideSolutionNode = FALSE
	EndGlobalSection
EndGlobal
