
Microsoft Visual Studio Solution File, Format Version 12.00
# Visual Studio 2013
VisualStudioVersion = 12.0.20827.3
MinimumVisualStudioVersion = 10.0.40219.1
Project("{FAE04EC0-301F-11D3-BF4B-00C04F79EFBC}") = "PingPongGame", "PingPongGame\PingPongGame.csproj", "{EF689F38-FC6C-4F6B-9E0C-5538DE28A62D}"
EndProject
Project("{2150E333-8FDC-42A3-9474-1A3956D46DE8}") = ".nuget", ".nuget", "{0FCCBBA7-3FF0-404C-9B2E-B843E84BC4F2}"
	ProjectSection(SolutionItems) = preProject
		.nuget\NuGet.Config = .nuget\NuGet.Config
		.nuget\NuGet.exe = .nuget\NuGet.exe
		.nuget\NuGet.targets = .nuget\NuGet.targets
	EndProjectSection
EndProject
Global
	GlobalSection(SolutionConfigurationPlatforms) = preSolution
		Debug|Any CPU = Debug|Any CPU
		Release|Any CPU = Release|Any CPU
	EndGlobalSection
	GlobalSection(ProjectConfigurationPlatforms) = postSolution
		{EF689F38-FC6C-4F6B-9E0C-5538DE28A62D}.Debug|Any CPU.ActiveCfg = Debug|Any CPU
		{EF689F38-FC6C-4F6B-9E0C-5538DE28A62D}.Debug|Any CPU.Build.0 = Debug|Any CPU
		{EF689F38-FC6C-4F6B-9E0C-5538DE28A62D}.Release|Any CPU.ActiveCfg = Release|Any CPU
		{EF689F38-FC6C-4F6B-9E0C-5538DE28A62D}.Release|Any CPU.Build.0 = Release|Any CPU
	EndGlobalSection
	GlobalSection(SolutionProperties) = preSolution
		HideSolutionNode = FALSE
	EndGlobalSection
EndGlobal
