
Microsoft Visual Studio Solution File, Format Version 12.00
# Visual Studio 2012
Project("{FAE04EC0-301F-11D3-BF4B-00C04F79EFBC}") = "01.School", "School\01.School.csproj", "{ADBB6D5F-9FAE-42C3-918A-585B74668DC4}"
EndProject
Project("{FAE04EC0-301F-11D3-BF4B-00C04F79EFBC}") = "02.ClassHierarchy", "ClassHierarchy\02.ClassHierarchy.csproj", "{F53A03BB-A3B6-44BF-9248-C3E671C3DF22}"
EndProject
Project("{FAE04EC0-301F-11D3-BF4B-00C04F79EFBC}") = "03.AnimalHierarchy", "AnimalHierarchy\03.AnimalHierarchy.csproj", "{E883E7FB-B5F0-4878-B870-A192618B2007}"
EndProject
Global
	GlobalSection(SolutionConfigurationPlatforms) = preSolution
		Debug|Any CPU = Debug|Any CPU
		Release|Any CPU = Release|Any CPU
	EndGlobalSection
	GlobalSection(ProjectConfigurationPlatforms) = postSolution
		{ADBB6D5F-9FAE-42C3-918A-585B74668DC4}.Debug|Any CPU.ActiveCfg = Debug|Any CPU
		{ADBB6D5F-9FAE-42C3-918A-585B74668DC4}.Debug|Any CPU.Build.0 = Debug|Any CPU
		{ADBB6D5F-9FAE-42C3-918A-585B74668DC4}.Release|Any CPU.ActiveCfg = Release|Any CPU
		{ADBB6D5F-9FAE-42C3-918A-585B74668DC4}.Release|Any CPU.Build.0 = Release|Any CPU
		{F53A03BB-A3B6-44BF-9248-C3E671C3DF22}.Debug|Any CPU.ActiveCfg = Debug|Any CPU
		{F53A03BB-A3B6-44BF-9248-C3E671C3DF22}.Debug|Any CPU.Build.0 = Debug|Any CPU
		{F53A03BB-A3B6-44BF-9248-C3E671C3DF22}.Release|Any CPU.ActiveCfg = Release|Any CPU
		{F53A03BB-A3B6-44BF-9248-C3E671C3DF22}.Release|Any CPU.Build.0 = Release|Any CPU
		{E883E7FB-B5F0-4878-B870-A192618B2007}.Debug|Any CPU.ActiveCfg = Debug|Any CPU
		{E883E7FB-B5F0-4878-B870-A192618B2007}.Debug|Any CPU.Build.0 = Debug|Any CPU
		{E883E7FB-B5F0-4878-B870-A192618B2007}.Release|Any CPU.ActiveCfg = Release|Any CPU
		{E883E7FB-B5F0-4878-B870-A192618B2007}.Release|Any CPU.Build.0 = Release|Any CPU
	EndGlobalSection
	GlobalSection(SolutionProperties) = preSolution
		HideSolutionNode = FALSE
	EndGlobalSection
EndGlobal
